
Microsoft Visual Studio Solution File, Format Version 12.00
# Visual Studio 15
Project("{FAE04EC0-301F-11D3-BF4B-00C04F79EFBC}") = "UnityEngine.TestRunner", "UnityEngine.TestRunner.csproj", "{C200EA6D-6758-62F4-8180-5328A4459947}"
EndProject
Project("{FAE04EC0-301F-11D3-BF4B-00C04F79EFBC}") = "UnityEngine.UI", "UnityEngine.UI.csproj", "{77F041AE-30EC-4448-62FB-A2D17BBB4E3C}"
EndProject
Project("{FAE04EC0-301F-11D3-BF4B-00C04F79EFBC}") = "Unity.Timeline", "Unity.Timeline.csproj", "{DBA077C3-84DD-7AAE-D3CE-74B7BAA0D164}"
EndProject
Project("{FAE04EC0-301F-11D3-BF4B-00C04F79EFBC}") = "Unity.TextMeshPro", "Unity.TextMeshPro.csproj", "{5707F034-5194-6D6D-2501-A776F16E7536}"
EndProject
Project("{FAE04EC0-301F-11D3-BF4B-00C04F79EFBC}") = "Assembly-CSharp", "Assembly-CSharp.csproj", "{C28A63B8-6593-4976-70D2-63BA6ACE0FFF}"
EndProject
Project("{FAE04EC0-301F-11D3-BF4B-00C04F79EFBC}") = "Unity.Timeline.Editor", "Unity.Timeline.Editor.csproj", "{59D14694-60F4-A42A-E975-BBD84037DDA9}"
EndProject
Project("{FAE04EC0-301F-11D3-BF4B-00C04F79EFBC}") = "UnityEditor.TestRunner", "UnityEditor.TestRunner.csproj", "{0F6ED895-783A-3E7B-7883-1B55D363B235}"
EndProject
Project("{FAE04EC0-301F-11D3-BF4B-00C04F79EFBC}") = "UnityEditor.UI", "UnityEditor.UI.csproj", "{EC8D8E99-4A76-7987-5AAD-A9A73D185345}"
EndProject
Project("{FAE04EC0-301F-11D3-BF4B-00C04F79EFBC}") = "Unity.VisualStudio.Editor", "Unity.VisualStudio.Editor.csproj", "{C1F3A632-C67E-94A9-03E4-19C1D9BD9DE3}"
EndProject
Project("{FAE04EC0-301F-11D3-BF4B-00C04F79EFBC}") = "Unity.TextMeshPro.Editor", "Unity.TextMeshPro.Editor.csproj", "{6E7B9D62-A78B-BC6C-E352-0C5BB87ABAF4}"
EndProject
Project("{FAE04EC0-301F-11D3-BF4B-00C04F79EFBC}") = "Unity.CollabProxy.Editor", "Unity.CollabProxy.Editor.csproj", "{236332DA-C253-3559-9F63-559080806345}"
EndProject
Project("{FAE04EC0-301F-11D3-BF4B-00C04F79EFBC}") = "Unity.VSCode.Editor", "Unity.VSCode.Editor.csproj", "{ED605673-1450-891E-CAB2-9765120022F1}"
EndProject
Project("{FAE04EC0-301F-11D3-BF4B-00C04F79EFBC}") = "Unity.Rider.Editor", "Unity.Rider.Editor.csproj", "{52787A03-ACE5-2B23-AD96-259EDD099D29}"
EndProject
Project("{FAE04EC0-301F-11D3-BF4B-00C04F79EFBC}") = "UnityEngine.TestRunner", "UnityEngine.TestRunner.Player.csproj", "{E8B526E6-B582-E723-0F6E-94172E27C48D}"
EndProject
Project("{FAE04EC0-301F-11D3-BF4B-00C04F79EFBC}") = "UnityEngine.UI", "UnityEngine.UI.Player.csproj", "{ABCF8A67-0AB7-BA28-8A7C-35809D83C1CC}"
EndProject
Project("{FAE04EC0-301F-11D3-BF4B-00C04F79EFBC}") = "Unity.Timeline", "Unity.Timeline.Player.csproj", "{E4880D6E-EA18-3CB4-281C-6DFADF87EB74}"
EndProject
Project("{FAE04EC0-301F-11D3-BF4B-00C04F79EFBC}") = "Unity.TextMeshPro", "Unity.TextMeshPro.Player.csproj", "{5CDCA113-43F1-73D4-6BAB-74219705967F}"
EndProject
Project("{FAE04EC0-301F-11D3-BF4B-00C04F79EFBC}") = "Assembly-CSharp", "Assembly-CSharp.Player.csproj", "{0000865C-BACE-DEF7-F068-76905B494F83}"
EndProject
Global
	GlobalSection(SolutionConfigurationPlatforms) = preSolution
		Debug|Any CPU = Debug|Any CPU
		Release|Any CPU = Release|Any CPU
	EndGlobalSection
	GlobalSection(ProjectConfigurationPlatforms) = postSolution
		{C200EA6D-6758-62F4-8180-5328A4459947}.Debug|Any CPU.ActiveCfg = Debug|Any CPU
		{C200EA6D-6758-62F4-8180-5328A4459947}.Debug|Any CPU.Build.0 = Debug|Any CPU
		{C200EA6D-6758-62F4-8180-5328A4459947}.Release|Any CPU.ActiveCfg = Release|Any CPU
		{C200EA6D-6758-62F4-8180-5328A4459947}.Release|Any CPU.Build.0 = Release|Any CPU
		{77F041AE-30EC-4448-62FB-A2D17BBB4E3C}.Debug|Any CPU.ActiveCfg = Debug|Any CPU
		{77F041AE-30EC-4448-62FB-A2D17BBB4E3C}.Debug|Any CPU.Build.0 = Debug|Any CPU
		{77F041AE-30EC-4448-62FB-A2D17BBB4E3C}.Release|Any CPU.ActiveCfg = Release|Any CPU
		{77F041AE-30EC-4448-62FB-A2D17BBB4E3C}.Release|Any CPU.Build.0 = Release|Any CPU
		{DBA077C3-84DD-7AAE-D3CE-74B7BAA0D164}.Debug|Any CPU.ActiveCfg = Debug|Any CPU
		{DBA077C3-84DD-7AAE-D3CE-74B7BAA0D164}.Debug|Any CPU.Build.0 = Debug|Any CPU
		{DBA077C3-84DD-7AAE-D3CE-74B7BAA0D164}.Release|Any CPU.ActiveCfg = Release|Any CPU
		{DBA077C3-84DD-7AAE-D3CE-74B7BAA0D164}.Release|Any CPU.Build.0 = Release|Any CPU
		{5707F034-5194-6D6D-2501-A776F16E7536}.Debug|Any CPU.ActiveCfg = Debug|Any CPU
		{5707F034-5194-6D6D-2501-A776F16E7536}.Debug|Any CPU.Build.0 = Debug|Any CPU
		{5707F034-5194-6D6D-2501-A776F16E7536}.Release|Any CPU.ActiveCfg = Release|Any CPU
		{5707F034-5194-6D6D-2501-A776F16E7536}.Release|Any CPU.Build.0 = Release|Any CPU
		{C28A63B8-6593-4976-70D2-63BA6ACE0FFF}.Debug|Any CPU.ActiveCfg = Debug|Any CPU
		{C28A63B8-6593-4976-70D2-63BA6ACE0FFF}.Debug|Any CPU.Build.0 = Debug|Any CPU
		{C28A63B8-6593-4976-70D2-63BA6ACE0FFF}.Release|Any CPU.ActiveCfg = Release|Any CPU
		{C28A63B8-6593-4976-70D2-63BA6ACE0FFF}.Release|Any CPU.Build.0 = Release|Any CPU
		{59D14694-60F4-A42A-E975-BBD84037DDA9}.Debug|Any CPU.ActiveCfg = Debug|Any CPU
		{59D14694-60F4-A42A-E975-BBD84037DDA9}.Debug|Any CPU.Build.0 = Debug|Any CPU
		{59D14694-60F4-A42A-E975-BBD84037DDA9}.Release|Any CPU.ActiveCfg = Release|Any CPU
		{59D14694-60F4-A42A-E975-BBD84037DDA9}.Release|Any CPU.Build.0 = Release|Any CPU
		{0F6ED895-783A-3E7B-7883-1B55D363B235}.Debug|Any CPU.ActiveCfg = Debug|Any CPU
		{0F6ED895-783A-3E7B-7883-1B55D363B235}.Debug|Any CPU.Build.0 = Debug|Any CPU
		{0F6ED895-783A-3E7B-7883-1B55D363B235}.Release|Any CPU.ActiveCfg = Release|Any CPU
		{0F6ED895-783A-3E7B-7883-1B55D363B235}.Release|Any CPU.Build.0 = Release|Any CPU
		{EC8D8E99-4A76-7987-5AAD-A9A73D185345}.Debug|Any CPU.ActiveCfg = Debug|Any CPU
		{EC8D8E99-4A76-7987-5AAD-A9A73D185345}.Debug|Any CPU.Build.0 = Debug|Any CPU
		{EC8D8E99-4A76-7987-5AAD-A9A73D185345}.Release|Any CPU.ActiveCfg = Release|Any CPU
		{EC8D8E99-4A76-7987-5AAD-A9A73D185345}.Release|Any CPU.Build.0 = Release|Any CPU
		{C1F3A632-C67E-94A9-03E4-19C1D9BD9DE3}.Debug|Any CPU.ActiveCfg = Debug|Any CPU
		{C1F3A632-C67E-94A9-03E4-19C1D9BD9DE3}.Debug|Any CPU.Build.0 = Debug|Any CPU
		{C1F3A632-C67E-94A9-03E4-19C1D9BD9DE3}.Release|Any CPU.ActiveCfg = Release|Any CPU
		{C1F3A632-C67E-94A9-03E4-19C1D9BD9DE3}.Release|Any CPU.Build.0 = Release|Any CPU
		{6E7B9D62-A78B-BC6C-E352-0C5BB87ABAF4}.Debug|Any CPU.ActiveCfg = Debug|Any CPU
		{6E7B9D62-A78B-BC6C-E352-0C5BB87ABAF4}.Debug|Any CPU.Build.0 = Debug|Any CPU
		{6E7B9D62-A78B-BC6C-E352-0C5BB87ABAF4}.Release|Any CPU.ActiveCfg = Release|Any CPU
		{6E7B9D62-A78B-BC6C-E352-0C5BB87ABAF4}.Release|Any CPU.Build.0 = Release|Any CPU
		{236332DA-C253-3559-9F63-559080806345}.Debug|Any CPU.ActiveCfg = Debug|Any CPU
		{236332DA-C253-3559-9F63-559080806345}.Debug|Any CPU.Build.0 = Debug|Any CPU
		{236332DA-C253-3559-9F63-559080806345}.Release|Any CPU.ActiveCfg = Release|Any CPU
		{236332DA-C253-3559-9F63-559080806345}.Release|Any CPU.Build.0 = Release|Any CPU
		{ED605673-1450-891E-CAB2-9765120022F1}.Debug|Any CPU.ActiveCfg = Debug|Any CPU
		{ED605673-1450-891E-CAB2-9765120022F1}.Debug|Any CPU.Build.0 = Debug|Any CPU
		{ED605673-1450-891E-CAB2-9765120022F1}.Release|Any CPU.ActiveCfg = Release|Any CPU
		{ED605673-1450-891E-CAB2-9765120022F1}.Release|Any CPU.Build.0 = Release|Any CPU
		{52787A03-ACE5-2B23-AD96-259EDD099D29}.Debug|Any CPU.ActiveCfg = Debug|Any CPU
		{52787A03-ACE5-2B23-AD96-259EDD099D29}.Debug|Any CPU.Build.0 = Debug|Any CPU
		{52787A03-ACE5-2B23-AD96-259EDD099D29}.Release|Any CPU.ActiveCfg = Release|Any CPU
		{52787A03-ACE5-2B23-AD96-259EDD099D29}.Release|Any CPU.Build.0 = Release|Any CPU
		{E8B526E6-B582-E723-0F6E-94172E27C48D}.Debug|Any CPU.ActiveCfg = Debug|Any CPU
		{E8B526E6-B582-E723-0F6E-94172E27C48D}.Debug|Any CPU.Build.0 = Debug|Any CPU
		{E8B526E6-B582-E723-0F6E-94172E27C48D}.Release|Any CPU.ActiveCfg = Release|Any CPU
		{E8B526E6-B582-E723-0F6E-94172E27C48D}.Release|Any CPU.Build.0 = Release|Any CPU
		{ABCF8A67-0AB7-BA28-8A7C-35809D83C1CC}.Debug|Any CPU.ActiveCfg = Debug|Any CPU
		{ABCF8A67-0AB7-BA28-8A7C-35809D83C1CC}.Debug|Any CPU.Build.0 = Debug|Any CPU
		{ABCF8A67-0AB7-BA28-8A7C-35809D83C1CC}.Release|Any CPU.ActiveCfg = Release|Any CPU
		{ABCF8A67-0AB7-BA28-8A7C-35809D83C1CC}.Release|Any CPU.Build.0 = Release|Any CPU
		{E4880D6E-EA18-3CB4-281C-6DFADF87EB74}.Debug|Any CPU.ActiveCfg = Debug|Any CPU
		{E4880D6E-EA18-3CB4-281C-6DFADF87EB74}.Debug|Any CPU.Build.0 = Debug|Any CPU
		{E4880D6E-EA18-3CB4-281C-6DFADF87EB74}.Release|Any CPU.ActiveCfg = Release|Any CPU
		{E4880D6E-EA18-3CB4-281C-6DFADF87EB74}.Release|Any CPU.Build.0 = Release|Any CPU
		{5CDCA113-43F1-73D4-6BAB-74219705967F}.Debug|Any CPU.ActiveCfg = Debug|Any CPU
		{5CDCA113-43F1-73D4-6BAB-74219705967F}.Debug|Any CPU.Build.0 = Debug|Any CPU
		{5CDCA113-43F1-73D4-6BAB-74219705967F}.Release|Any CPU.ActiveCfg = Release|Any CPU
		{5CDCA113-43F1-73D4-6BAB-74219705967F}.Release|Any CPU.Build.0 = Release|Any CPU
		{0000865C-BACE-DEF7-F068-76905B494F83}.Debug|Any CPU.ActiveCfg = Debug|Any CPU
		{0000865C-BACE-DEF7-F068-76905B494F83}.Debug|Any CPU.Build.0 = Debug|Any CPU
		{0000865C-BACE-DEF7-F068-76905B494F83}.Release|Any CPU.ActiveCfg = Release|Any CPU
		{0000865C-BACE-DEF7-F068-76905B494F83}.Release|Any CPU.Build.0 = Release|Any CPU
	EndGlobalSection
	GlobalSection(SolutionProperties) = preSolution
		HideSolutionNode = FALSE
	EndGlobalSection
EndGlobal
